
Microsoft Visual Studio Solution File, Format Version 12.00
# Visual Studio Version 17
VisualStudioVersion = 17.14.36518.9 d17.14
MinimumVisualStudioVersion = 10.0.40219.1
Project("{FAE04EC0-301F-11D3-BF4B-00C04F79EFBC}") = "Program percabangan karakter_Leny Khoirina_X PPLG 1", "Program percabangan karakter_Leny Khoirina_X PPLG 1\Program percabangan karakter_Leny Khoirina_X PPLG 1.csproj", "{AAFF883E-AC47-452D-B68A-F9EE9ACE3089}"
EndProject
Global
	GlobalSection(SolutionConfigurationPlatforms) = preSolution
		Debug|Any CPU = Debug|Any CPU
		Release|Any CPU = Release|Any CPU
	EndGlobalSection
	GlobalSection(ProjectConfigurationPlatforms) = postSolution
		{AAFF883E-AC47-452D-B68A-F9EE9ACE3089}.Debug|Any CPU.ActiveCfg = Debug|Any CPU
		{AAFF883E-AC47-452D-B68A-F9EE9ACE3089}.Debug|Any CPU.Build.0 = Debug|Any CPU
		{AAFF883E-AC47-452D-B68A-F9EE9ACE3089}.Release|Any CPU.ActiveCfg = Release|Any CPU
		{AAFF883E-AC47-452D-B68A-F9EE9ACE3089}.Release|Any CPU.Build.0 = Release|Any CPU
	EndGlobalSection
	GlobalSection(SolutionProperties) = preSolution
		HideSolutionNode = FALSE
	EndGlobalSection
	GlobalSection(ExtensibilityGlobals) = postSolution
		SolutionGuid = {2F1DF0EA-C50F-4E17-B094-8A0C90B0AD56}
	EndGlobalSection
EndGlobal
