
Microsoft Visual Studio Solution File, Format Version 12.00
# Visual Studio Version 17
VisualStudioVersion = 17.14.36518.9 d17.14
MinimumVisualStudioVersion = 10.0.40219.1
Project("{FAE04EC0-301F-11D3-BF4B-00C04F79EFBC}") = "proyek_akhir_LenyKhoirina", "proyek_akhir_LenyKhoirina\proyek_akhir_LenyKhoirina.csproj", "{727C3A58-F9AD-4762-8B69-1C74E0F5FF5C}"
EndProject
Global
	GlobalSection(SolutionConfigurationPlatforms) = preSolution
		Debug|Any CPU = Debug|Any CPU
		Release|Any CPU = Release|Any CPU
	EndGlobalSection
	GlobalSection(ProjectConfigurationPlatforms) = postSolution
		{727C3A58-F9AD-4762-8B69-1C74E0F5FF5C}.Debug|Any CPU.ActiveCfg = Debug|Any CPU
		{727C3A58-F9AD-4762-8B69-1C74E0F5FF5C}.Debug|Any CPU.Build.0 = Debug|Any CPU
		{727C3A58-F9AD-4762-8B69-1C74E0F5FF5C}.Release|Any CPU.ActiveCfg = Release|Any CPU
		{727C3A58-F9AD-4762-8B69-1C74E0F5FF5C}.Release|Any CPU.Build.0 = Release|Any CPU
	EndGlobalSection
	GlobalSection(SolutionProperties) = preSolution
		HideSolutionNode = FALSE
	EndGlobalSection
	GlobalSection(ExtensibilityGlobals) = postSolution
		SolutionGuid = {10C2AB5D-87C6-4A18-B7EF-767E0FF44376}
	EndGlobalSection
EndGlobal
