
Microsoft Visual Studio Solution File, Format Version 12.00
# Visual Studio Version 17
VisualStudioVersion = 17.14.36518.9 d17.14
MinimumVisualStudioVersion = 10.0.40219.1
Project("{FAE04EC0-301F-11D3-BF4B-00C04F79EFBC}") = "praktik_5.1_Leny Khoirina_X PPLG1", "praktik_5.1_Leny Khoirina_X PPLG1\praktik_5.1_Leny Khoirina_X PPLG1.csproj", "{CE8CD407-40D6-41D8-B7DE-0CD52A9E9612}"
EndProject
Global
	GlobalSection(SolutionConfigurationPlatforms) = preSolution
		Debug|Any CPU = Debug|Any CPU
		Release|Any CPU = Release|Any CPU
	EndGlobalSection
	GlobalSection(ProjectConfigurationPlatforms) = postSolution
		{CE8CD407-40D6-41D8-B7DE-0CD52A9E9612}.Debug|Any CPU.ActiveCfg = Debug|Any CPU
		{CE8CD407-40D6-41D8-B7DE-0CD52A9E9612}.Debug|Any CPU.Build.0 = Debug|Any CPU
		{CE8CD407-40D6-41D8-B7DE-0CD52A9E9612}.Release|Any CPU.ActiveCfg = Release|Any CPU
		{CE8CD407-40D6-41D8-B7DE-0CD52A9E9612}.Release|Any CPU.Build.0 = Release|Any CPU
	EndGlobalSection
	GlobalSection(SolutionProperties) = preSolution
		HideSolutionNode = FALSE
	EndGlobalSection
	GlobalSection(ExtensibilityGlobals) = postSolution
		SolutionGuid = {DFD0F81B-1DB7-4908-82FA-05B415E0E526}
	EndGlobalSection
EndGlobal
