
Microsoft Visual Studio Solution File, Format Version 12.00
# Visual Studio Version 17
VisualStudioVersion = 17.14.36518.9 d17.14
MinimumVisualStudioVersion = 10.0.40219.1
Project("{FAE04EC0-301F-11D3-BF4B-00C04F79EFBC}") = "Praktik 4.3_Leny Khoirina_X PPLG 1", "Praktik 4.3_Leny Khoirina_X PPLG 1\Praktik 4.3_Leny Khoirina_X PPLG 1.csproj", "{BC88B60F-83F3-458F-B37A-289C069B9850}"
EndProject
Global
	GlobalSection(SolutionConfigurationPlatforms) = preSolution
		Debug|Any CPU = Debug|Any CPU
		Release|Any CPU = Release|Any CPU
	EndGlobalSection
	GlobalSection(ProjectConfigurationPlatforms) = postSolution
		{BC88B60F-83F3-458F-B37A-289C069B9850}.Debug|Any CPU.ActiveCfg = Debug|Any CPU
		{BC88B60F-83F3-458F-B37A-289C069B9850}.Debug|Any CPU.Build.0 = Debug|Any CPU
		{BC88B60F-83F3-458F-B37A-289C069B9850}.Release|Any CPU.ActiveCfg = Release|Any CPU
		{BC88B60F-83F3-458F-B37A-289C069B9850}.Release|Any CPU.Build.0 = Release|Any CPU
	EndGlobalSection
	GlobalSection(SolutionProperties) = preSolution
		HideSolutionNode = FALSE
	EndGlobalSection
	GlobalSection(ExtensibilityGlobals) = postSolution
		SolutionGuid = {F90B2484-90E8-4731-91B2-EF76D4E67241}
	EndGlobalSection
EndGlobal
