
Microsoft Visual Studio Solution File, Format Version 12.00
# Visual Studio Version 17
VisualStudioVersion = 17.14.36518.9 d17.14
MinimumVisualStudioVersion = 10.0.40219.1
Project("{FAE04EC0-301F-11D3-BF4B-00C04F79EFBC}") = "praktik_5.8_Leny Khoirina_X PPLG 1", "praktik_5.8_Leny Khoirina_X PPLG 1\praktik_5.8_Leny Khoirina_X PPLG 1.csproj", "{10670D28-1A19-4776-B38C-7CD6CBDA8F92}"
EndProject
Global
	GlobalSection(SolutionConfigurationPlatforms) = preSolution
		Debug|Any CPU = Debug|Any CPU
		Release|Any CPU = Release|Any CPU
	EndGlobalSection
	GlobalSection(ProjectConfigurationPlatforms) = postSolution
		{10670D28-1A19-4776-B38C-7CD6CBDA8F92}.Debug|Any CPU.ActiveCfg = Debug|Any CPU
		{10670D28-1A19-4776-B38C-7CD6CBDA8F92}.Debug|Any CPU.Build.0 = Debug|Any CPU
		{10670D28-1A19-4776-B38C-7CD6CBDA8F92}.Release|Any CPU.ActiveCfg = Release|Any CPU
		{10670D28-1A19-4776-B38C-7CD6CBDA8F92}.Release|Any CPU.Build.0 = Release|Any CPU
	EndGlobalSection
	GlobalSection(SolutionProperties) = preSolution
		HideSolutionNode = FALSE
	EndGlobalSection
	GlobalSection(ExtensibilityGlobals) = postSolution
		SolutionGuid = {26C122AD-BD14-463E-BE45-A10B6E9958CF}
	EndGlobalSection
EndGlobal
