
Microsoft Visual Studio Solution File, Format Version 12.00
# Visual Studio Version 17
VisualStudioVersion = 17.14.36518.9 d17.14
MinimumVisualStudioVersion = 10.0.40219.1
Project("{FAE04EC0-301F-11D3-BF4B-00C04F79EFBC}") = "Praktik 4.7_Leny Khoirina_X PPLG 1", "Praktik 4.7_Leny Khoirina_X PPLG 1\Praktik 4.7_Leny Khoirina_X PPLG 1.csproj", "{1DF048E4-AF77-4532-A479-482D0475D641}"
EndProject
Global
	GlobalSection(SolutionConfigurationPlatforms) = preSolution
		Debug|Any CPU = Debug|Any CPU
		Release|Any CPU = Release|Any CPU
	EndGlobalSection
	GlobalSection(ProjectConfigurationPlatforms) = postSolution
		{1DF048E4-AF77-4532-A479-482D0475D641}.Debug|Any CPU.ActiveCfg = Debug|Any CPU
		{1DF048E4-AF77-4532-A479-482D0475D641}.Debug|Any CPU.Build.0 = Debug|Any CPU
		{1DF048E4-AF77-4532-A479-482D0475D641}.Release|Any CPU.ActiveCfg = Release|Any CPU
		{1DF048E4-AF77-4532-A479-482D0475D641}.Release|Any CPU.Build.0 = Release|Any CPU
	EndGlobalSection
	GlobalSection(SolutionProperties) = preSolution
		HideSolutionNode = FALSE
	EndGlobalSection
	GlobalSection(ExtensibilityGlobals) = postSolution
		SolutionGuid = {8A9E7C21-2A8B-4B05-9D76-0701D3982F57}
	EndGlobalSection
EndGlobal
