
Microsoft Visual Studio Solution File, Format Version 12.00
# Visual Studio Version 17
VisualStudioVersion = 17.14.36518.9 d17.14
MinimumVisualStudioVersion = 10.0.40219.1
Project("{FAE04EC0-301F-11D3-BF4B-00C04F79EFBC}") = "praktik_7.2_fungsi", "praktik_7.2_fungsi\praktik_7.2_fungsi.csproj", "{02EE08D2-EC16-4ECD-939D-D85671A6FD9D}"
EndProject
Global
	GlobalSection(SolutionConfigurationPlatforms) = preSolution
		Debug|Any CPU = Debug|Any CPU
		Release|Any CPU = Release|Any CPU
	EndGlobalSection
	GlobalSection(ProjectConfigurationPlatforms) = postSolution
		{02EE08D2-EC16-4ECD-939D-D85671A6FD9D}.Debug|Any CPU.ActiveCfg = Debug|Any CPU
		{02EE08D2-EC16-4ECD-939D-D85671A6FD9D}.Debug|Any CPU.Build.0 = Debug|Any CPU
		{02EE08D2-EC16-4ECD-939D-D85671A6FD9D}.Release|Any CPU.ActiveCfg = Release|Any CPU
		{02EE08D2-EC16-4ECD-939D-D85671A6FD9D}.Release|Any CPU.Build.0 = Release|Any CPU
	EndGlobalSection
	GlobalSection(SolutionProperties) = preSolution
		HideSolutionNode = FALSE
	EndGlobalSection
	GlobalSection(ExtensibilityGlobals) = postSolution
		SolutionGuid = {C35E7939-93FB-4C7F-87A2-FD3058C01B70}
	EndGlobalSection
EndGlobal
