
Microsoft Visual Studio Solution File, Format Version 12.00
# Visual Studio Version 17
VisualStudioVersion = 17.14.36518.9 d17.14
MinimumVisualStudioVersion = 10.0.40219.1
Project("{FAE04EC0-301F-11D3-BF4B-00C04F79EFBC}") = "praktik_7.1_fungsi", "praktik_7.1_fungsi\praktik_7.1_fungsi.csproj", "{58FCD00F-ACD6-434B-A9E2-13C349214F68}"
EndProject
Global
	GlobalSection(SolutionConfigurationPlatforms) = preSolution
		Debug|Any CPU = Debug|Any CPU
		Release|Any CPU = Release|Any CPU
	EndGlobalSection
	GlobalSection(ProjectConfigurationPlatforms) = postSolution
		{58FCD00F-ACD6-434B-A9E2-13C349214F68}.Debug|Any CPU.ActiveCfg = Debug|Any CPU
		{58FCD00F-ACD6-434B-A9E2-13C349214F68}.Debug|Any CPU.Build.0 = Debug|Any CPU
		{58FCD00F-ACD6-434B-A9E2-13C349214F68}.Release|Any CPU.ActiveCfg = Release|Any CPU
		{58FCD00F-ACD6-434B-A9E2-13C349214F68}.Release|Any CPU.Build.0 = Release|Any CPU
	EndGlobalSection
	GlobalSection(SolutionProperties) = preSolution
		HideSolutionNode = FALSE
	EndGlobalSection
	GlobalSection(ExtensibilityGlobals) = postSolution
		SolutionGuid = {08295CFC-4B7C-4A83-8122-463BD73BD0F1}
	EndGlobalSection
EndGlobal
