
Microsoft Visual Studio Solution File, Format Version 12.00
# Visual Studio Version 17
VisualStudioVersion = 17.14.36518.9 d17.14
MinimumVisualStudioVersion = 10.0.40219.1
Project("{FAE04EC0-301F-11D3-BF4B-00C04F79EFBC}") = "Praktik 4.4_Leny Khoirina_X PPLG 1", "Praktik 4.4_Leny Khoirina_X PPLG 1\Praktik 4.4_Leny Khoirina_X PPLG 1.csproj", "{877A1724-2060-44E8-A472-695C0F7853B3}"
EndProject
Global
	GlobalSection(SolutionConfigurationPlatforms) = preSolution
		Debug|Any CPU = Debug|Any CPU
		Release|Any CPU = Release|Any CPU
	EndGlobalSection
	GlobalSection(ProjectConfigurationPlatforms) = postSolution
		{877A1724-2060-44E8-A472-695C0F7853B3}.Debug|Any CPU.ActiveCfg = Debug|Any CPU
		{877A1724-2060-44E8-A472-695C0F7853B3}.Debug|Any CPU.Build.0 = Debug|Any CPU
		{877A1724-2060-44E8-A472-695C0F7853B3}.Release|Any CPU.ActiveCfg = Release|Any CPU
		{877A1724-2060-44E8-A472-695C0F7853B3}.Release|Any CPU.Build.0 = Release|Any CPU
	EndGlobalSection
	GlobalSection(SolutionProperties) = preSolution
		HideSolutionNode = FALSE
	EndGlobalSection
	GlobalSection(ExtensibilityGlobals) = postSolution
		SolutionGuid = {F46E9095-9E9E-4935-955C-1DB03E50492B}
	EndGlobalSection
EndGlobal
